
Microsoft Visual Studio Solution File, Format Version 12.00
# Visual Studio 15
VisualStudioVersion = 15.0.28307.421
MinimumVisualStudioVersion = 10.0.40219.1
Project("{FAE04EC0-301F-11D3-BF4B-00C04F79EFBC}") = "MarsAPI3", "MarsAPI3\MarsAPI3.csproj", "{B3459B8B-C527-4946-8063-9DC40FE0043E}"
EndProject
Global
	GlobalSection(SolutionConfigurationPlatforms) = preSolution
		Debug|Any CPU = Debug|Any CPU
		Release|Any CPU = Release|Any CPU
	EndGlobalSection
	GlobalSection(ProjectConfigurationPlatforms) = postSolution
		{B3459B8B-C527-4946-8063-9DC40FE0043E}.Debug|Any CPU.ActiveCfg = Debug|Any CPU
		{B3459B8B-C527-4946-8063-9DC40FE0043E}.Debug|Any CPU.Build.0 = Debug|Any CPU
		{B3459B8B-C527-4946-8063-9DC40FE0043E}.Release|Any CPU.ActiveCfg = Release|Any CPU
		{B3459B8B-C527-4946-8063-9DC40FE0043E}.Release|Any CPU.Build.0 = Release|Any CPU
	EndGlobalSection
	GlobalSection(SolutionProperties) = preSolution
		HideSolutionNode = FALSE
	EndGlobalSection
	GlobalSection(ExtensibilityGlobals) = postSolution
		SolutionGuid = {67FF5FC3-0C4F-474A-B9D6-5F85334F7017}
	EndGlobalSection
EndGlobal
